Microsoft Visual Studio Solution File, Format Version 12.00
# Visual Studio 2012
Project("{FAE04EC0-301F-11D3-BF4B-00C04F79EFBC}") = "red_planet", "red_planet.csproj", "{95E959DB-AD6F-487D-A489-18AEB9658A0A}"
EndProject
Global
	GlobalSection(SolutionConfigurationPlatforms) = preSolution
	Debug|Any CPU = Debug|Any CPU
	ExportDebug|Any CPU = ExportDebug|Any CPU
	ExportRelease|Any CPU = ExportRelease|Any CPU
	EndGlobalSection
	GlobalSection(ProjectConfigurationPlatforms) = postSolution
		{95E959DB-AD6F-487D-A489-18AEB9658A0A}.Debug|Any CPU.ActiveCfg = Debug|Any CPU
		{95E959DB-AD6F-487D-A489-18AEB9658A0A}.Debug|Any CPU.Build.0 = Debug|Any CPU
		{95E959DB-AD6F-487D-A489-18AEB9658A0A}.ExportDebug|Any CPU.ActiveCfg = ExportDebug|Any CPU
		{95E959DB-AD6F-487D-A489-18AEB9658A0A}.ExportDebug|Any CPU.Build.0 = ExportDebug|Any CPU
		{95E959DB-AD6F-487D-A489-18AEB9658A0A}.ExportRelease|Any CPU.ActiveCfg = ExportRelease|Any CPU
		{95E959DB-AD6F-487D-A489-18AEB9658A0A}.ExportRelease|Any CPU.Build.0 = ExportRelease|Any CPU
	EndGlobalSection
EndGlobal
